
Microsoft Visual Studio Solution File, Format Version 12.00
# Visual Studio 15
VisualStudioVersion = 15.0.26730.12
MinimumVisualStudioVersion = 10.0.40219.1
Project("{FAE04EC0-301F-11D3-BF4B-00C04F79EFBC}") = "Lab4.Library", "Lab4.Library\Lab4.Library.csproj", "{9C23322D-DFF2-4839-8B9A-8FA875C3FA47}"
EndProject
Project("{FAE04EC0-301F-11D3-BF4B-00C04F79EFBC}") = "Lab4.Console", "Lab4.Console\Lab4.Console.csproj", "{B1286247-50C7-43B2-A41C-7790187DF7BD}"
EndProject
Global
	GlobalSection(SolutionConfigurationPlatforms) = preSolution
		Debug|Any CPU = Debug|Any CPU
		Release|Any CPU = Release|Any CPU
	EndGlobalSection
	GlobalSection(ProjectConfigurationPlatforms) = postSolution
		{9C23322D-DFF2-4839-8B9A-8FA875C3FA47}.Debug|Any CPU.ActiveCfg = Debug|Any CPU
		{9C23322D-DFF2-4839-8B9A-8FA875C3FA47}.Debug|Any CPU.Build.0 = Debug|Any CPU
		{9C23322D-DFF2-4839-8B9A-8FA875C3FA47}.Release|Any CPU.ActiveCfg = Release|Any CPU
		{9C23322D-DFF2-4839-8B9A-8FA875C3FA47}.Release|Any CPU.Build.0 = Release|Any CPU
		{B1286247-50C7-43B2-A41C-7790187DF7BD}.Debug|Any CPU.ActiveCfg = Debug|Any CPU
		{B1286247-50C7-43B2-A41C-7790187DF7BD}.Debug|Any CPU.Build.0 = Debug|Any CPU
		{B1286247-50C7-43B2-A41C-7790187DF7BD}.Release|Any CPU.ActiveCfg = Release|Any CPU
		{B1286247-50C7-43B2-A41C-7790187DF7BD}.Release|Any CPU.Build.0 = Release|Any CPU
	EndGlobalSection
	GlobalSection(SolutionProperties) = preSolution
		HideSolutionNode = FALSE
	EndGlobalSection
	GlobalSection(ExtensibilityGlobals) = postSolution
		SolutionGuid = {B9DD29B9-95E9-4FC4-B097-B2EBA54FEE42}
	EndGlobalSection
EndGlobal
