
Microsoft Visual Studio Solution File, Format Version 12.00
# Visual Studio 15
VisualStudioVersion = 15.0.26730.12
MinimumVisualStudioVersion = 10.0.40219.1
Project("{FAE04EC0-301F-11D3-BF4B-00C04F79EFBC}") = "Lab3", "Lab3\Lab3.csproj", "{FA744BC5-0A12-42C2-8F8E-7A0B8D2A9AF5}"
EndProject
Project("{FAE04EC0-301F-11D3-BF4B-00C04F79EFBC}") = "ConsoleFileCopy", "FileCopy\ConsoleFileCopy.csproj", "{9896AC89-948E-43CD-9E9A-D97FC5A4E6DD}"
EndProject
Project("{FAE04EC0-301F-11D3-BF4B-00C04F79EFBC}") = "ThreadPoolLib", "ThreadPoolLib\ThreadPoolLib.csproj", "{2A611FC0-B3EF-47DD-B6B4-F1D7437994F5}"
EndProject
Global
	GlobalSection(SolutionConfigurationPlatforms) = preSolution
		Debug|Any CPU = Debug|Any CPU
		Release|Any CPU = Release|Any CPU
	EndGlobalSection
	GlobalSection(ProjectConfigurationPlatforms) = postSolution
		{FA744BC5-0A12-42C2-8F8E-7A0B8D2A9AF5}.Debug|Any CPU.ActiveCfg = Debug|Any CPU
		{FA744BC5-0A12-42C2-8F8E-7A0B8D2A9AF5}.Debug|Any CPU.Build.0 = Debug|Any CPU
		{FA744BC5-0A12-42C2-8F8E-7A0B8D2A9AF5}.Release|Any CPU.ActiveCfg = Release|Any CPU
		{FA744BC5-0A12-42C2-8F8E-7A0B8D2A9AF5}.Release|Any CPU.Build.0 = Release|Any CPU
		{9896AC89-948E-43CD-9E9A-D97FC5A4E6DD}.Debug|Any CPU.ActiveCfg = Debug|Any CPU
		{9896AC89-948E-43CD-9E9A-D97FC5A4E6DD}.Debug|Any CPU.Build.0 = Debug|Any CPU
		{9896AC89-948E-43CD-9E9A-D97FC5A4E6DD}.Release|Any CPU.ActiveCfg = Release|Any CPU
		{9896AC89-948E-43CD-9E9A-D97FC5A4E6DD}.Release|Any CPU.Build.0 = Release|Any CPU
		{2A611FC0-B3EF-47DD-B6B4-F1D7437994F5}.Debug|Any CPU.ActiveCfg = Debug|Any CPU
		{2A611FC0-B3EF-47DD-B6B4-F1D7437994F5}.Debug|Any CPU.Build.0 = Debug|Any CPU
		{2A611FC0-B3EF-47DD-B6B4-F1D7437994F5}.Release|Any CPU.ActiveCfg = Release|Any CPU
		{2A611FC0-B3EF-47DD-B6B4-F1D7437994F5}.Release|Any CPU.Build.0 = Release|Any CPU
	EndGlobalSection
	GlobalSection(SolutionProperties) = preSolution
		HideSolutionNode = FALSE
	EndGlobalSection
	GlobalSection(ExtensibilityGlobals) = postSolution
		SolutionGuid = {C65C3936-2AF6-43EB-AAD0-E8B315E7F826}
	EndGlobalSection
EndGlobal
